
Microsoft Visual Studio Solution File, Format Version 12.00
# Visual Studio Version 16
VisualStudioVersion = 16.0.29709.97
MinimumVisualStudioVersion = 10.0.40219.1
Project("{9A19103F-16F7-4668-BE54-9A1E7A4F7556}") = "FantasyFitness", "FantasyFitness\FantasyFitness.csproj", "{566CE5B1-1F84-43D0-B622-0C440FFD926B}"
EndProject
Project("{FAE04EC0-301F-11D3-BF4B-00C04F79EFBC}") = "FantasyFitness.Entity", "FantasyFitness.Entity\FantasyFitness.Entity.csproj", "{EAF4CC87-69D4-4E53-AA2B-9B83F87AAD00}"
EndProject
Global
	GlobalSection(SolutionConfigurationPlatforms) = preSolution
		Debug|Any CPU = Debug|Any CPU
		Release|Any CPU = Release|Any CPU
	EndGlobalSection
	GlobalSection(ProjectConfigurationPlatforms) = postSolution
		{566CE5B1-1F84-43D0-B622-0C440FFD926B}.Debug|Any CPU.ActiveCfg = Debug|Any CPU
		{566CE5B1-1F84-43D0-B622-0C440FFD926B}.Debug|Any CPU.Build.0 = Debug|Any CPU
		{566CE5B1-1F84-43D0-B622-0C440FFD926B}.Release|Any CPU.ActiveCfg = Release|Any CPU
		{566CE5B1-1F84-43D0-B622-0C440FFD926B}.Release|Any CPU.Build.0 = Release|Any CPU
		{EAF4CC87-69D4-4E53-AA2B-9B83F87AAD00}.Debug|Any CPU.ActiveCfg = Debug|Any CPU
		{EAF4CC87-69D4-4E53-AA2B-9B83F87AAD00}.Debug|Any CPU.Build.0 = Debug|Any CPU
		{EAF4CC87-69D4-4E53-AA2B-9B83F87AAD00}.Release|Any CPU.ActiveCfg = Release|Any CPU
		{EAF4CC87-69D4-4E53-AA2B-9B83F87AAD00}.Release|Any CPU.Build.0 = Release|Any CPU
	EndGlobalSection
	GlobalSection(SolutionProperties) = preSolution
		HideSolutionNode = FALSE
	EndGlobalSection
	GlobalSection(ExtensibilityGlobals) = postSolution
		SolutionGuid = {295684A2-330C-4DCC-8EA6-4F9565B802CB}
	EndGlobalSection
EndGlobal
